
Microsoft Visual Studio Solution File, Format Version 12.00
# Visual Studio Version 16
VisualStudioVersion = 16.0.30717.126
MinimumVisualStudioVersion = 10.0.40219.1
Project("{FAE04EC0-301F-11D3-BF4B-00C04F79EFBC}") = "Lecturerss", "Lecturerss.csproj", "{21587C31-1C87-4CD4-8DD9-C9EB92A43D40}"
EndProject
Global
	GlobalSection(SolutionConfigurationPlatforms) = preSolution
		Debug|Any CPU = Debug|Any CPU
		Release|Any CPU = Release|Any CPU
	EndGlobalSection
	GlobalSection(ProjectConfigurationPlatforms) = postSolution
		{21587C31-1C87-4CD4-8DD9-C9EB92A43D40}.Debug|Any CPU.ActiveCfg = Debug|Any CPU
		{21587C31-1C87-4CD4-8DD9-C9EB92A43D40}.Debug|Any CPU.Build.0 = Debug|Any CPU
		{21587C31-1C87-4CD4-8DD9-C9EB92A43D40}.Release|Any CPU.ActiveCfg = Release|Any CPU
		{21587C31-1C87-4CD4-8DD9-C9EB92A43D40}.Release|Any CPU.Build.0 = Release|Any CPU
	EndGlobalSection
	GlobalSection(SolutionProperties) = preSolution
		HideSolutionNode = FALSE
	EndGlobalSection
	GlobalSection(ExtensibilityGlobals) = postSolution
		SolutionGuid = {22A2C901-CC91-4B9A-A4E5-555C3DDBB15E}
	EndGlobalSection
EndGlobal
